// !$*UTF8*$!
{
	archiveVersion = 1;
	classes = {
	};
	objectVersion = 46;
	objects = {

/* Begin PBXBuildFile section */
		F84DF3BE1A8E5B1400264D57 /* AppDelegate.swift in Sources */ = {isa = PBXBuildFile; fileRef = F84DF3BD1A8E5B1400264D57 /* AppDelegate.swift */; };
		F84DF3C01A8E5B1400264D57 /* ViewController.swift in Sources */ = {isa = PBXBuildFile; fileRef = F84DF3BF1A8E5B1400264D57 /* ViewController.swift */; };
		F84DF3C31A8E5B1400264D57 /* Main.storyboard in Resources */ = {isa = PBXBuildFile; fileRef = F84DF3C11A8E5B1400264D57 /* Main.storyboard */; };
		F84DF3C51A8E5B1400264D57 /* Images.xcassets in Resources */ = {isa = PBXBuildFile; fileRef = F84DF3C41A8E5B1400264D57 /* Images.xcassets */; };
		F84DF3C81A8E5B1400264D57 /* LaunchScreen.xib in Resources */ = {isa = PBXBuildFile; fileRef = F84DF3C61A8E5B1400264D57 /* LaunchScreen.xib */; };
		F84DF3D41A8E5B1400264D57 /* Cat_YearsTests.swift in Sources */ = {isa = PBXBuildFile; fileRef = F84DF3D31A8E5B1400264D57 /* Cat_YearsTests.swift */; };
/* End PBXBuildFile section */

/* Begin PBXContainerItemProxy section */
		F84DF3CE1A8E5B1400264D57 /* PBXContainerItemProxy */ = {
			isa = PBXContainerItemProxy;
			containerPortal = F84DF3B01A8E5B1400264D57 /* Project object */;
			proxyType = 1;
			remoteGlobalIDString = F84DF3B71A8E5B1400264D57;
			remoteInfo = "Cat Years";
		};
/* End PBXContainerItemProxy section */

/* Begin PBXFileReference section */
		F84DF3B81A8E5B1400264D57 /* Cat Years.app */ = {isa = PBXFileReference; explicitFileType = wrapper.application; includeInIndex = 0; path = "Cat Years.app"; sourceTree = BUILT_PRODUCTS_DIR; };
		F84DF3BC1A8E5B1400264D57 /* Info.plist */ = {isa = PBXFileReference; lastKnownFileType = text.plist.xml; path = Info.plist; sourceTree = "<group>"; };
		F84DF3BD1A8E5B1400264D57 /* AppDelegate.swift */ = {isa = PBXFileReference; lastKnownFileType = sourcecode.swift; path = AppDelegate.swift; sourceTree = "<group>"; };
		F84DF3BF1A8E5B1400264D57 /* ViewController.swift */ = {isa = PBXFileReference; lastKnownFileType = sourcecode.swift; path = ViewController.swift; sourceTree = "<group>"; };
		F84DF3C21A8E5B1400264D57 /* Base */ = {isa = PBXFileReference; lastKnownFileType = file.storyboard; name = Base; path = Base.lproj/Main.storyboard; sourceTree = "<group>"; };
		F84DF3C41A8E5B1400264D57 /* Images.xcassets */ = {isa = PBXFileReference; lastKnownFileType = folder.assetcatalog; path = Images.xcassets; sourceTree = "<group>"; };
		F84DF3C71A8E5B1400264D57 /* Base */ = {isa = PBXFileReference; lastKnownFileType = file.xib; name = Base; path = Base.lproj/LaunchScreen.xib; sourceTree = "<group>"; };
		F84DF3CD1A8E5B1400264D57 /* Cat YearsTests.xctest */ = {isa = PBXFileReference; explicitFileType = wrapper.cfbundle; includeInIndex = 0; path = "Cat YearsTests.xctest"; sourceTree = BUILT_PRODUCTS_DIR; };
		F84DF3D21A8E5B1400264D57 /* Info.plist */ = {isa = PBXFileReference; lastKnownFileType = text.plist.xml; path = Info.plist; sourceTree = "<group>"; };
		F84DF3D31A8E5B1400264D57 /* Cat_YearsTests.swift */ = {isa = PBXFileReference; lastKnownFileType = sourcecode.swift; path = Cat_YearsTests.swift; sourceTree = "<group>"; };
/* End PBXFileReference section */

/* Begin PBXFrameworksBuildPhase section */
		F84DF3B51A8E5B1400264D57 /* Frameworks */ = {
			isa = PBXFrameworksBuildPhase;
			buildActionMask = 2147483647;
			files = (
			);
			runOnlyForDeploymentPostprocessing = 0;
		};
		F84DF3CA1A8E5B1400264D57 /* Frameworks */ = {
			isa = PBXFrameworksBuildPhase;
			buildActionMask = 2147483647;
			files = (
			);
			runOnlyForDeploymentPostprocessing = 0;
		};
/* End PBXFrameworksBuildPhase section */

/* Begin PBXGroup section */
		F84DF3AF1A8E5B1400264D57 = {
			isa = PBXGroup;
			children = (
				F84DF3BA1A8E5B1400264D57 /* Cat Years */,
				F84DF3D01A8E5B1400264D57 /* Cat YearsTests */,
				F84DF3B91A8E5B1400264D57 /* Products */,
			);
			sourceTree = "<group>";
		};
		F84DF3B91A8E5B1400264D57 /* Products */ = {
			isa = PBXGroup;
			children = (
				F84DF3B81A8E5B1400264D57 /* Cat Years.app */,
				F84DF3CD1A8E5B1400264D57 /* Cat YearsTests.xctest */,
			);
			name = Products;
			sourceTree = "<group>";
		};
		F84DF3BA1A8E5B1400264D57 /* Cat Years */ = {
			isa = PBXGroup;
			children = (
				F84DF3BD1A8E5B1400264D57 /* AppDelegate.swift */,
				F84DF3BF1A8E5B1400264D57 /* ViewController.swift */,
				F84DF3C11A8E5B1400264D57 /* Main.storyboard */,
				F84DF3C41A8E5B1400264D57 /* Images.xcassets */,
				F84DF3C61A8E5B1400264D57 /* LaunchScreen.xib */,
				F84DF3BB1A8E5B1400264D57 /* Supporting Files */,
			);
			path = "Cat Years";
			sourceTree = "<group>";
		};
		F84DF3BB1A8E5B1400264D57 /* Supporting Files */ = {
			isa = PBXGroup;
			children = (
				F84DF3BC1A8E5B1400264D57 /* Info.plist */,
			);
			name = "Supporting Files";
			sourceTree = "<group>";
		};
		F84DF3D01A8E5B1400264D57 /* Cat YearsTests */ = {
			isa = PBXGroup;
			children = (
				F84DF3D31A8E5B1400264D57 /* Cat_YearsTests.swift */,
				F84DF3D11A8E5B1400264D57 /* Supporting Files */,
			);
			path = "Cat YearsTests";
			sourceTree = "<group>";
		};
		F84DF3D11A8E5B1400264D57 /* Supporting Files */ = {
			isa = PBXGroup;
			children = (
				F84DF3D21A8E5B1400264D57 /* Info.plist */,
			);
			name = "Supporting Files";
			sourceTree = "<group>";
		};
/* End PBXGroup section */

/* Begin PBXNativeTarget section */
		F84DF3B71A8E5B1400264D57 /* Cat Years */ = {
			isa = PBXNativeTarget;
			buildConfigurationList = F84DF3D71A8E5B1400264D57 /* Build configuration list for PBXNativeTarget "Cat Years" */;
			buildPhases = (
				F84DF3B41A8E5B1400264D57 /* Sources */,
				F84DF3B51A8E5B1400264D57 /* Frameworks */,
				F84DF3B61A8E5B1400264D57 /* Resources */,
			);
			buildRules = (
			);
			dependencies = (
			);
			name = "Cat Years";
			productName = "Cat Years";
			productReference = F84DF3B81A8E5B1400264D57 /* Cat Years.app */;
			productType = "com.apple.product-type.application";
		};
		F84DF3CC1A8E5B1400264D57 /* Cat YearsTests */ = {
			isa = PBXNativeTarget;
			buildConfigurationList = F84DF3DA1A8E5B1400264D57 /* Build configuration list for PBXNativeTarget "Cat YearsTests" */;
			buildPhases = (
				F84DF3C91A8E5B1400264D57 /* Sources */,
				F84DF3CA1A8E5B1400264D57 /* Frameworks */,
				F84DF3CB1A8E5B1400264D57 /* Resources */,
			);
			buildRules = (
			);
			dependencies = (
				F84DF3CF1A8E5B1400264D57 /* PBXTargetDependency */,
			);
			name = "Cat YearsTests";
			productName = "Cat YearsTests";
			productReference = F84DF3CD1A8E5B1400264D57 /* Cat YearsTests.xctest */;
			productType = "com.apple.product-type.bundle.unit-test";
		};
/* End PBXNativeTarget section */

/* Begin PBXProject section */
		F84DF3B01A8E5B1400264D57 /* Project object */ = {
			isa = PBXProject;
			attributes = {
				LastUpgradeCheck = 0610;
				ORGANIZATIONNAME = joanrm20;
				TargetAttributes = {
					F84DF3B71A8E5B1400264D57 = {
						CreatedOnToolsVersion = 6.1.1;
					};
					F84DF3CC1A8E5B1400264D57 = {
						CreatedOnToolsVersion = 6.1.1;
						TestTargetID = F84DF3B71A8E5B1400264D57;
					};
				};
			};
			buildConfigurationList = F84DF3B31A8E5B1400264D57 /* Build configuration list for PBXProject "Cat Years" */;
			compatibilityVersion = "Xcode 3.2";
			developmentRegion = English;
			hasScannedForEncodings = 0;
			knownRegions = (
				en,
				Base,
			);
			mainGroup = F84DF3AF1A8E5B1400264D57;
			productRefGroup = F84DF3B91A8E5B1400264D57 /* Products */;
			projectDirPath = "";
			projectRoot = "";
			targets = (
				F84DF3B71A8E5B1400264D57 /* Cat Years */,
				F84DF3CC1A8E5B1400264D57 /* Cat YearsTests */,
			);
		};
/* End PBXProject section */

/* Begin PBXResourcesBuildPhase section */
		F84DF3B61A8E5B1400264D57 /* Resources */ = {
			isa = PBXResourcesBuildPhase;
			buildActionMask = 2147483647;
			files = (
				F84DF3C31A8E5B1400264D57 /* Main.storyboard in Resources */,
				F84DF3C81A8E5B1400264D57 /* LaunchScreen.xib in Resources */,
				F84DF3C51A8E5B1400264D57 /* Images.xcassets in Resources */,
			);
			runOnlyForDeploymentPostprocessing = 0;
		};
		F84DF3CB1A8E5B1400264D57 /* Resources */ = {
			isa = PBXResourcesBuildPhase;
			buildActionMask = 2147483647;
			files = (
			);
			runOnlyForDeploymentPostprocessing = 0;
		};
/* End PBXResourcesBuildPhase section */

/* Begin PBXSourcesBuildPhase section */
		F84DF3B41A8E5B1400264D57 /* Sources */ = {
			isa = PBXSourcesBuildPhase;
			buildActionMask = 2147483647;
			files = (
				F84DF3C01A8E5B1400264D57 /* ViewController.swift in Sources */,
				F84DF3BE1A8E5B1400264D57 /* AppDelegate.swift in Sources */,
			);
			runOnlyForDeploymentPostprocessing = 0;
		};
		F84DF3C91A8E5B1400264D57 /* Sources */ = {
			isa = PBXSourcesBuildPhase;
			buildActionMask = 2147483647;
			files = (
				F84DF3D41A8E5B1400264D57 /* Cat_YearsTests.swift in Sources */,
			);
			runOnlyForDeploymentPostprocessing = 0;
		};
/* End PBXSourcesBuildPhase section */

/* Begin PBXTargetDependency section */
		F84DF3CF1A8E5B1400264D57 /* PBXTargetDependency */ = {
			isa = PBXTargetDependency;
			target = F84DF3B71A8E5B1400264D57 /* Cat Years */;
			targetProxy = F84DF3CE1A8E5B1400264D57 /* PBXContainerItemProxy */;
		};
/* End PBXTargetDependency section */

/* Begin PBXVariantGroup section */
		F84DF3C11A8E5B1400264D57 /* Main.storyboard */ = {
			isa = PBXVariantGroup;
			children = (
				F84DF3C21A8E5B1400264D57 /* Base */,
			);
			name = Main.storyboard;
			sourceTree = "<group>";
		};
		F84DF3C61A8E5B1400264D57 /* LaunchScreen.xib */ = {
			isa = PBXVariantGroup;
			children = (
				F84DF3C71A8E5B1400264D57 /* Base */,
			);
			name = LaunchScreen.xib;
			sourceTree = "<group>";
		};
/* End PBXVariantGroup section */

/* Begin XCBuildConfiguration section */
		F84DF3D51A8E5B1400264D57 /* Debug */ = {
			isa = XCBuildConfiguration;
			buildSettings = {
				ALWAYS_SEARCH_USER_PATHS = NO;
				CLANG_CXX_LANGUAGE_STANDARD = "gnu++0x";
				CLANG_CXX_LIBRARY = "libc++";
				CLANG_ENABLE_MODULES = YES;
				CLANG_ENABLE_OBJC_ARC = YES;
				CLANG_WARN_BOOL_CONVERSION = YES;
				CLANG_WARN_CONSTANT_CONVERSION = YES;
				CLANG_WARN_DIRECT_OBJC_ISA_USAGE = YES_ERROR;
				CLANG_WARN_EMPTY_BODY = YES;
				CLANG_WARN_ENUM_CONVERSION = YES;
				CLANG_WARN_INT_CONVERSION = YES;
				CLANG_WARN_OBJC_ROOT_CLASS = YES_ERROR;
				CLANG_WARN_UNREACHABLE_CODE = YES;
				CLANG_WARN__DUPLICATE_METHOD_MATCH = YES;
				"CODE_SIGN_IDENTITY[sdk=iphoneos*]" = "iPhone Developer";
				COPY_PHASE_STRIP = NO;
				ENABLE_STRICT_OBJC_MSGSEND = YES;
				GCC_C_LANGUAGE_STANDARD = gnu99;
				GCC_DYNAMIC_NO_PIC = NO;
				GCC_OPTIMIZATION_LEVEL = 0;
				GCC_PREPROCESSOR_DEFINITIONS = (
					"DEBUG=1",
					"$(inherited)",
				);
				GCC_SYMBOLS_PRIVATE_EXTERN = NO;
				GCC_WARN_64_TO_32_BIT_CONVERSION = YES;
				GCC_WARN_ABOUT_RETURN_TYPE = YES_ERROR;
				GCC_WARN_UNDECLARED_SELECTOR = YES;
				GCC_WARN_UNINITIALIZED_AUTOS = YES_AGGRESSIVE;
				GCC_WARN_UNUSED_FUNCTION = YES;
				GCC_WARN_UNUSED_VARIABLE = YES;
				IPHONEOS_DEPLOYMENT_TARGET = 8.1;
				MTL_ENABLE_DEBUG_INFO = YES;
				ONLY_ACTIVE_ARCH = YES;
				SDKROOT = iphoneos;
				SWIFT_OPTIMIZATION_LEVEL = "-Onone";
			};
			name = Debug;
		};
		F84DF3D61A8E5B1400264D57 /* Release */ = {
			isa = XCBuildConfiguration;
			buildSettings = {
				ALWAYS_SEARCH_USER_PATHS = NO;
				CLANG_CXX_LANGUAGE_STANDARD = "gnu++0x";
				CLANG_CXX_LIBRARY = "libc++";
				CLANG_ENABLE_MODULES = YES;
				CLANG_ENABLE_OBJC_ARC = YES;
				CLANG_WARN_BOOL_CONVERSION = YES;
				CLANG_WARN_CONSTANT_CONVERSION = YES;
				CLANG_WARN_DIRECT_OBJC_ISA_USAGE = YES_ERROR;
				CLANG_WARN_EMPTY_BODY = YES;
				CLANG_WARN_ENUM_CONVERSION = YES;
				CLANG_WARN_INT_CONVERSION = YES;
				CLANG_WARN_OBJC_ROOT_CLASS = YES_ERROR;
				CLANG_WARN_UNREACHABLE_CODE = YES;
				CLANG_WARN__DUPLICATE_METHOD_MATCH = YES;
				"CODE_SIGN_IDENTITY[sdk=iphoneos*]" = "iPhone Developer";
				COPY_PHASE_STRIP = YES;
				ENABLE_NS_ASSERTIONS = NO;
				ENABLE_STRICT_OBJC_MSGSEND = YES;
				GCC_C_LANGUAGE_STANDARD = gnu99;
				GCC_WARN_64_TO_32_BIT_CONVERSION = YES;
				GCC_WARN_ABOUT_RETURN_TYPE = YES_ERROR;
				GCC_WARN_UNDECLARED_SELECTOR = YES;
				GCC_WARN_UNINITIALIZED_AUTOS = YES_AGGRESSIVE;
				GCC_WARN_UNUSED_FUNCTION = YES;
				GCC_WARN_UNUSED_VARIABLE = YES;
				IPHONEOS_DEPLOYMENT_TARGET = 8.1;
				MTL_ENABLE_DEBUG_INFO = NO;
				SDKROOT = iphoneos;
				VALIDATE_PRODUCT = YES;
			};
			name = Release;
		};
		F84DF3D81A8E5B1400264D57 /* Debug */ = {
			isa = XCBuildConfiguration;
			buildSettings = {
				ASSETCATALOG_COMPILER_APPICON_NAME = AppIcon;
				INFOPLIST_FILE = "Cat Years/Info.plist";
				LD_RUNPATH_SEARCH_PATHS = "$(inherited) @executable_path/Frameworks";
				PRODUCT_NAME = "$(TARGET_NAME)";
			};
			name = Debug;
		};
		F84DF3D91A8E5B1400264D57 /* Release */ = {
			isa = XCBuildConfiguration;
			buildSettings = {
				ASSETCATALOG_COMPILER_APPICON_NAME = AppIcon;
				INFOPLIST_FILE = "Cat Years/Info.plist";
				LD_RUNPATH_SEARCH_PATHS = "$(inherited) @executable_path/Frameworks";
				PRODUCT_NAME = "$(TARGET_NAME)";
			};
			name = Release;
		};
		F84DF3DB1A8E5B1400264D57 /* Debug */ = {
			isa = XCBuildConfiguration;
			buildSettings = {
				BUNDLE_LOADER = "$(TEST_HOST)";
				FRAMEWORK_SEARCH_PATHS = (
					"$(SDKROOT)/Developer/Library/Frameworks",
					"$(inherited)",
				);
				GCC_PREPROCESSOR_DEFINITIONS = (
					"DEBUG=1",
					"$(inherited)",
				);
				INFOPLIST_FILE = "Cat YearsTests/Info.plist";
				LD_RUNPATH_SEARCH_PATHS = "$(inherited) @executable_path/Frameworks @loader_path/Frameworks";
				PRODUCT_NAME = "$(TARGET_NAME)";
				TEST_HOST = "$(BUILT_PRODUCTS_DIR)/Cat Years.app/Cat Years";
			};
			name = Debug;
		};
		F84DF3DC1A8E5B1400264D57 /* Release */ = {
			isa = XCBuildConfiguration;
			buildSettings = {
				BUNDLE_LOADER = "$(TEST_HOST)";
				FRAMEWORK_SEARCH_PATHS = (
					"$(SDKROOT)/Developer/Library/Frameworks",
					"$(inherited)",
				);
				INFOPLIST_FILE = "Cat YearsTests/Info.plist";
				LD_RUNPATH_SEARCH_PATHS = "$(inherited) @executable_path/Frameworks @loader_path/Frameworks";
				PRODUCT_NAME = "$(TARGET_NAME)";
				TEST_HOST = "$(BUILT_PRODUCTS_DIR)/Cat Years.app/Cat Years";
			};
			name = Release;
		};
/* End XCBuildConfiguration section */

/* Begin XCConfigurationList section */
		F84DF3B31A8E5B1400264D57 /* Build configuration list for PBXProject "Cat Years" */ = {
			isa = XCConfigurationList;
			buildConfigurations = (
				F84DF3D51A8E5B1400264D57 /* Debug */,
				F84DF3D61A8E5B1400264D57 /* Release */,
			);
			defaultConfigurationIsVisible = 0;
			defaultConfigurationName = Release;
		};
		F84DF3D71A8E5B1400264D57 /* Build configuration list for PBXNativeTarget "Cat Years" */ = {
			isa = XCConfigurationList;
			buildConfigurations = (
				F84DF3D81A8E5B1400264D57 /* Debug */,
				F84DF3D91A8E5B1400264D57 /* Release */,
			);
			defaultConfigurationIsVisible = 0;
		};
		F84DF3DA1A8E5B1400264D57 /* Build configuration list for PBXNativeTarget "Cat YearsTests" */ = {
			isa = XCConfigurationList;
			buildConfigurations = (
				F84DF3DB1A8E5B1400264D57 /* Debug */,
				F84DF3DC1A8E5B1400264D57 /* Release */,
			);
			defaultConfigurationIsVisible = 0;
		};
/* End XCConfigurationList section */
	};
	rootObject = F84DF3B01A8E5B1400264D57 /* Project object */;
}
