// !$*UTF8*$!
{
	archiveVersion = 1;
	classes = {
	};
	objectVersion = 46;
	objects = {

/* Begin PBXBuildFile section */
		8ED8E0CB1A959CCD0001FD82 /* AppDelegate.swift in Sources */ = {isa = PBXBuildFile; fileRef = 8ED8E0CA1A959CCD0001FD82 /* AppDelegate.swift */; };
		8ED8E0CD1A959CCD0001FD82 /* ViewController.swift in Sources */ = {isa = PBXBuildFile; fileRef = 8ED8E0CC1A959CCD0001FD82 /* ViewController.swift */; };
		8ED8E0D01A959CCD0001FD82 /* Main.storyboard in Resources */ = {isa = PBXBuildFile; fileRef = 8ED8E0CE1A959CCD0001FD82 /* Main.storyboard */; };
		8ED8E0D21A959CCD0001FD82 /* Images.xcassets in Resources */ = {isa = PBXBuildFile; fileRef = 8ED8E0D11A959CCD0001FD82 /* Images.xcassets */; };
		8ED8E0D51A959CCD0001FD82 /* LaunchScreen.xib in Resources */ = {isa = PBXBuildFile; fileRef = 8ED8E0D31A959CCD0001FD82 /* LaunchScreen.xib */; };
		8ED8E0E11A959CCD0001FD82 /* Auto_LayoutTests.swift in Sources */ = {isa = PBXBuildFile; fileRef = 8ED8E0E01A959CCD0001FD82 /* Auto_LayoutTests.swift */; };
/* End PBXBuildFile section */

/* Begin PBXContainerItemProxy section */
		8ED8E0DB1A959CCD0001FD82 /* PBXContainerItemProxy */ = {
			isa = PBXContainerItemProxy;
			containerPortal = 8ED8E0BD1A959CCD0001FD82 /* Project object */;
			proxyType = 1;
			remoteGlobalIDString = 8ED8E0C41A959CCD0001FD82;
			remoteInfo = "Auto Layout";
		};
/* End PBXContainerItemProxy section */

/* Begin PBXFileReference section */
		8ED8E0C51A959CCD0001FD82 /* Auto Layout.app */ = {isa = PBXFileReference; explicitFileType = wrapper.application; includeInIndex = 0; path = "Auto Layout.app"; sourceTree = BUILT_PRODUCTS_DIR; };
		8ED8E0C91A959CCD0001FD82 /* Info.plist */ = {isa = PBXFileReference; lastKnownFileType = text.plist.xml; path = Info.plist; sourceTree = "<group>"; };
		8ED8E0CA1A959CCD0001FD82 /* AppDelegate.swift */ = {isa = PBXFileReference; lastKnownFileType = sourcecode.swift; path = AppDelegate.swift; sourceTree = "<group>"; };
		8ED8E0CC1A959CCD0001FD82 /* ViewController.swift */ = {isa = PBXFileReference; lastKnownFileType = sourcecode.swift; path = ViewController.swift; sourceTree = "<group>"; };
		8ED8E0CF1A959CCD0001FD82 /* Base */ = {isa = PBXFileReference; lastKnownFileType = file.storyboard; name = Base; path = Base.lproj/Main.storyboard; sourceTree = "<group>"; };
		8ED8E0D11A959CCD0001FD82 /* Images.xcassets */ = {isa = PBXFileReference; lastKnownFileType = folder.assetcatalog; path = Images.xcassets; sourceTree = "<group>"; };
		8ED8E0D41A959CCD0001FD82 /* Base */ = {isa = PBXFileReference; lastKnownFileType = file.xib; name = Base; path = Base.lproj/LaunchScreen.xib; sourceTree = "<group>"; };
		8ED8E0DA1A959CCD0001FD82 /* Auto LayoutTests.xctest */ = {isa = PBXFileReference; explicitFileType = wrapper.cfbundle; includeInIndex = 0; path = "Auto LayoutTests.xctest"; sourceTree = BUILT_PRODUCTS_DIR; };
		8ED8E0DF1A959CCD0001FD82 /* Info.plist */ = {isa = PBXFileReference; lastKnownFileType = text.plist.xml; path = Info.plist; sourceTree = "<group>"; };
		8ED8E0E01A959CCD0001FD82 /* Auto_LayoutTests.swift */ = {isa = PBXFileReference; lastKnownFileType = sourcecode.swift; path = Auto_LayoutTests.swift; sourceTree = "<group>"; };
/* End PBXFileReference section */

/* Begin PBXFrameworksBuildPhase section */
		8ED8E0C21A959CCD0001FD82 /* Frameworks */ = {
			isa = PBXFrameworksBuildPhase;
			buildActionMask = 2147483647;
			files = (
			);
			runOnlyForDeploymentPostprocessing = 0;
		};
		8ED8E0D71A959CCD0001FD82 /* Frameworks */ = {
			isa = PBXFrameworksBuildPhase;
			buildActionMask = 2147483647;
			files = (
			);
			runOnlyForDeploymentPostprocessing = 0;
		};
/* End PBXFrameworksBuildPhase section */

/* Begin PBXGroup section */
		8ED8E0BC1A959CCD0001FD82 = {
			isa = PBXGroup;
			children = (
				8ED8E0C71A959CCD0001FD82 /* Auto Layout */,
				8ED8E0DD1A959CCD0001FD82 /* Auto LayoutTests */,
				8ED8E0C61A959CCD0001FD82 /* Products */,
			);
			sourceTree = "<group>";
		};
		8ED8E0C61A959CCD0001FD82 /* Products */ = {
			isa = PBXGroup;
			children = (
				8ED8E0C51A959CCD0001FD82 /* Auto Layout.app */,
				8ED8E0DA1A959CCD0001FD82 /* Auto LayoutTests.xctest */,
			);
			name = Products;
			sourceTree = "<group>";
		};
		8ED8E0C71A959CCD0001FD82 /* Auto Layout */ = {
			isa = PBXGroup;
			children = (
				8ED8E0CA1A959CCD0001FD82 /* AppDelegate.swift */,
				8ED8E0CC1A959CCD0001FD82 /* ViewController.swift */,
				8ED8E0CE1A959CCD0001FD82 /* Main.storyboard */,
				8ED8E0D11A959CCD0001FD82 /* Images.xcassets */,
				8ED8E0D31A959CCD0001FD82 /* LaunchScreen.xib */,
				8ED8E0C81A959CCD0001FD82 /* Supporting Files */,
			);
			path = "Auto Layout";
			sourceTree = "<group>";
		};
		8ED8E0C81A959CCD0001FD82 /* Supporting Files */ = {
			isa = PBXGroup;
			children = (
				8ED8E0C91A959CCD0001FD82 /* Info.plist */,
			);
			name = "Supporting Files";
			sourceTree = "<group>";
		};
		8ED8E0DD1A959CCD0001FD82 /* Auto LayoutTests */ = {
			isa = PBXGroup;
			children = (
				8ED8E0E01A959CCD0001FD82 /* Auto_LayoutTests.swift */,
				8ED8E0DE1A959CCD0001FD82 /* Supporting Files */,
			);
			path = "Auto LayoutTests";
			sourceTree = "<group>";
		};
		8ED8E0DE1A959CCD0001FD82 /* Supporting Files */ = {
			isa = PBXGroup;
			children = (
				8ED8E0DF1A959CCD0001FD82 /* Info.plist */,
			);
			name = "Supporting Files";
			sourceTree = "<group>";
		};
/* End PBXGroup section */

/* Begin PBXNativeTarget section */
		8ED8E0C41A959CCD0001FD82 /* Auto Layout */ = {
			isa = PBXNativeTarget;
			buildConfigurationList = 8ED8E0E41A959CCD0001FD82 /* Build configuration list for PBXNativeTarget "Auto Layout" */;
			buildPhases = (
				8ED8E0C11A959CCD0001FD82 /* Sources */,
				8ED8E0C21A959CCD0001FD82 /* Frameworks */,
				8ED8E0C31A959CCD0001FD82 /* Resources */,
			);
			buildRules = (
			);
			dependencies = (
			);
			name = "Auto Layout";
			productName = "Auto Layout";
			productReference = 8ED8E0C51A959CCD0001FD82 /* Auto Layout.app */;
			productType = "com.apple.product-type.application";
		};
		8ED8E0D91A959CCD0001FD82 /* Auto LayoutTests */ = {
			isa = PBXNativeTarget;
			buildConfigurationList = 8ED8E0E71A959CCD0001FD82 /* Build configuration list for PBXNativeTarget "Auto LayoutTests" */;
			buildPhases = (
				8ED8E0D61A959CCD0001FD82 /* Sources */,
				8ED8E0D71A959CCD0001FD82 /* Frameworks */,
				8ED8E0D81A959CCD0001FD82 /* Resources */,
			);
			buildRules = (
			);
			dependencies = (
				8ED8E0DC1A959CCD0001FD82 /* PBXTargetDependency */,
			);
			name = "Auto LayoutTests";
			productName = "Auto LayoutTests";
			productReference = 8ED8E0DA1A959CCD0001FD82 /* Auto LayoutTests.xctest */;
			productType = "com.apple.product-type.bundle.unit-test";
		};
/* End PBXNativeTarget section */

/* Begin PBXProject section */
		8ED8E0BD1A959CCD0001FD82 /* Project object */ = {
			isa = PBXProject;
			attributes = {
				LastUpgradeCheck = 0610;
				ORGANIZATIONNAME = joanrm20;
				TargetAttributes = {
					8ED8E0C41A959CCD0001FD82 = {
						CreatedOnToolsVersion = 6.1.1;
					};
					8ED8E0D91A959CCD0001FD82 = {
						CreatedOnToolsVersion = 6.1.1;
						TestTargetID = 8ED8E0C41A959CCD0001FD82;
					};
				};
			};
			buildConfigurationList = 8ED8E0C01A959CCD0001FD82 /* Build configuration list for PBXProject "Auto Layout" */;
			compatibilityVersion = "Xcode 3.2";
			developmentRegion = English;
			hasScannedForEncodings = 0;
			knownRegions = (
				en,
				Base,
			);
			mainGroup = 8ED8E0BC1A959CCD0001FD82;
			productRefGroup = 8ED8E0C61A959CCD0001FD82 /* Products */;
			projectDirPath = "";
			projectRoot = "";
			targets = (
				8ED8E0C41A959CCD0001FD82 /* Auto Layout */,
				8ED8E0D91A959CCD0001FD82 /* Auto LayoutTests */,
			);
		};
/* End PBXProject section */

/* Begin PBXResourcesBuildPhase section */
		8ED8E0C31A959CCD0001FD82 /* Resources */ = {
			isa = PBXResourcesBuildPhase;
			buildActionMask = 2147483647;
			files = (
				8ED8E0D01A959CCD0001FD82 /* Main.storyboard in Resources */,
				8ED8E0D51A959CCD0001FD82 /* LaunchScreen.xib in Resources */,
				8ED8E0D21A959CCD0001FD82 /* Images.xcassets in Resources */,
			);
			runOnlyForDeploymentPostprocessing = 0;
		};
		8ED8E0D81A959CCD0001FD82 /* Resources */ = {
			isa = PBXResourcesBuildPhase;
			buildActionMask = 2147483647;
			files = (
			);
			runOnlyForDeploymentPostprocessing = 0;
		};
/* End PBXResourcesBuildPhase section */

/* Begin PBXSourcesBuildPhase section */
		8ED8E0C11A959CCD0001FD82 /* Sources */ = {
			isa = PBXSourcesBuildPhase;
			buildActionMask = 2147483647;
			files = (
				8ED8E0CD1A959CCD0001FD82 /* ViewController.swift in Sources */,
				8ED8E0CB1A959CCD0001FD82 /* AppDelegate.swift in Sources */,
			);
			runOnlyForDeploymentPostprocessing = 0;
		};
		8ED8E0D61A959CCD0001FD82 /* Sources */ = {
			isa = PBXSourcesBuildPhase;
			buildActionMask = 2147483647;
			files = (
				8ED8E0E11A959CCD0001FD82 /* Auto_LayoutTests.swift in Sources */,
			);
			runOnlyForDeploymentPostprocessing = 0;
		};
/* End PBXSourcesBuildPhase section */

/* Begin PBXTargetDependency section */
		8ED8E0DC1A959CCD0001FD82 /* PBXTargetDependency */ = {
			isa = PBXTargetDependency;
			target = 8ED8E0C41A959CCD0001FD82 /* Auto Layout */;
			targetProxy = 8ED8E0DB1A959CCD0001FD82 /* PBXContainerItemProxy */;
		};
/* End PBXTargetDependency section */

/* Begin PBXVariantGroup section */
		8ED8E0CE1A959CCD0001FD82 /* Main.storyboard */ = {
			isa = PBXVariantGroup;
			children = (
				8ED8E0CF1A959CCD0001FD82 /* Base */,
			);
			name = Main.storyboard;
			sourceTree = "<group>";
		};
		8ED8E0D31A959CCD0001FD82 /* LaunchScreen.xib */ = {
			isa = PBXVariantGroup;
			children = (
				8ED8E0D41A959CCD0001FD82 /* Base */,
			);
			name = LaunchScreen.xib;
			sourceTree = "<group>";
		};
/* End PBXVariantGroup section */

/* Begin XCBuildConfiguration section */
		8ED8E0E21A959CCD0001FD82 /* Debug */ = {
			isa = XCBuildConfiguration;
			buildSettings = {
				ALWAYS_SEARCH_USER_PATHS = NO;
				CLANG_CXX_LANGUAGE_STANDARD = "gnu++0x";
				CLANG_CXX_LIBRARY = "libc++";
				CLANG_ENABLE_MODULES = YES;
				CLANG_ENABLE_OBJC_ARC = YES;
				CLANG_WARN_BOOL_CONVERSION = YES;
				CLANG_WARN_CONSTANT_CONVERSION = YES;
				CLANG_WARN_DIRECT_OBJC_ISA_USAGE = YES_ERROR;
				CLANG_WARN_EMPTY_BODY = YES;
				CLANG_WARN_ENUM_CONVERSION = YES;
				CLANG_WARN_INT_CONVERSION = YES;
				CLANG_WARN_OBJC_ROOT_CLASS = YES_ERROR;
				CLANG_WARN_UNREACHABLE_CODE = YES;
				CLANG_WARN__DUPLICATE_METHOD_MATCH = YES;
				"CODE_SIGN_IDENTITY[sdk=iphoneos*]" = "iPhone Developer";
				COPY_PHASE_STRIP = NO;
				ENABLE_STRICT_OBJC_MSGSEND = YES;
				GCC_C_LANGUAGE_STANDARD = gnu99;
				GCC_DYNAMIC_NO_PIC = NO;
				GCC_OPTIMIZATION_LEVEL = 0;
				GCC_PREPROCESSOR_DEFINITIONS = (
					"DEBUG=1",
					"$(inherited)",
				);
				GCC_SYMBOLS_PRIVATE_EXTERN = NO;
				GCC_WARN_64_TO_32_BIT_CONVERSION = YES;
				GCC_WARN_ABOUT_RETURN_TYPE = YES_ERROR;
				GCC_WARN_UNDECLARED_SELECTOR = YES;
				GCC_WARN_UNINITIALIZED_AUTOS = YES_AGGRESSIVE;
				GCC_WARN_UNUSED_FUNCTION = YES;
				GCC_WARN_UNUSED_VARIABLE = YES;
				IPHONEOS_DEPLOYMENT_TARGET = 8.1;
				MTL_ENABLE_DEBUG_INFO = YES;
				ONLY_ACTIVE_ARCH = YES;
				SDKROOT = iphoneos;
				SWIFT_OPTIMIZATION_LEVEL = "-Onone";
				TARGETED_DEVICE_FAMILY = "1,2";
			};
			name = Debug;
		};
		8ED8E0E31A959CCD0001FD82 /* Release */ = {
			isa = XCBuildConfiguration;
			buildSettings = {
				ALWAYS_SEARCH_USER_PATHS = NO;
				CLANG_CXX_LANGUAGE_STANDARD = "gnu++0x";
				CLANG_CXX_LIBRARY = "libc++";
				CLANG_ENABLE_MODULES = YES;
				CLANG_ENABLE_OBJC_ARC = YES;
				CLANG_WARN_BOOL_CONVERSION = YES;
				CLANG_WARN_CONSTANT_CONVERSION = YES;
				CLANG_WARN_DIRECT_OBJC_ISA_USAGE = YES_ERROR;
				CLANG_WARN_EMPTY_BODY = YES;
				CLANG_WARN_ENUM_CONVERSION = YES;
				CLANG_WARN_INT_CONVERSION = YES;
				CLANG_WARN_OBJC_ROOT_CLASS = YES_ERROR;
				CLANG_WARN_UNREACHABLE_CODE = YES;
				CLANG_WARN__DUPLICATE_METHOD_MATCH = YES;
				"CODE_SIGN_IDENTITY[sdk=iphoneos*]" = "iPhone Developer";
				COPY_PHASE_STRIP = YES;
				ENABLE_NS_ASSERTIONS = NO;
				ENABLE_STRICT_OBJC_MSGSEND = YES;
				GCC_C_LANGUAGE_STANDARD = gnu99;
				GCC_WARN_64_TO_32_BIT_CONVERSION = YES;
				GCC_WARN_ABOUT_RETURN_TYPE = YES_ERROR;
				GCC_WARN_UNDECLARED_SELECTOR = YES;
				GCC_WARN_UNINITIALIZED_AUTOS = YES_AGGRESSIVE;
				GCC_WARN_UNUSED_FUNCTION = YES;
				GCC_WARN_UNUSED_VARIABLE = YES;
				IPHONEOS_DEPLOYMENT_TARGET = 8.1;
				MTL_ENABLE_DEBUG_INFO = NO;
				SDKROOT = iphoneos;
				TARGETED_DEVICE_FAMILY = "1,2";
				VALIDATE_PRODUCT = YES;
			};
			name = Release;
		};
		8ED8E0E51A959CCD0001FD82 /* Debug */ = {
			isa = XCBuildConfiguration;
			buildSettings = {
				ASSETCATALOG_COMPILER_APPICON_NAME = AppIcon;
				INFOPLIST_FILE = "Auto Layout/Info.plist";
				LD_RUNPATH_SEARCH_PATHS = "$(inherited) @executable_path/Frameworks";
				PRODUCT_NAME = "$(TARGET_NAME)";
			};
			name = Debug;
		};
		8ED8E0E61A959CCD0001FD82 /* Release */ = {
			isa = XCBuildConfiguration;
			buildSettings = {
				ASSETCATALOG_COMPILER_APPICON_NAME = AppIcon;
				INFOPLIST_FILE = "Auto Layout/Info.plist";
				LD_RUNPATH_SEARCH_PATHS = "$(inherited) @executable_path/Frameworks";
				PRODUCT_NAME = "$(TARGET_NAME)";
			};
			name = Release;
		};
		8ED8E0E81A959CCD0001FD82 /* Debug */ = {
			isa = XCBuildConfiguration;
			buildSettings = {
				BUNDLE_LOADER = "$(TEST_HOST)";
				FRAMEWORK_SEARCH_PATHS = (
					"$(SDKROOT)/Developer/Library/Frameworks",
					"$(inherited)",
				);
				GCC_PREPROCESSOR_DEFINITIONS = (
					"DEBUG=1",
					"$(inherited)",
				);
				INFOPLIST_FILE = "Auto LayoutTests/Info.plist";
				LD_RUNPATH_SEARCH_PATHS = "$(inherited) @executable_path/Frameworks @loader_path/Frameworks";
				PRODUCT_NAME = "$(TARGET_NAME)";
				TEST_HOST = "$(BUILT_PRODUCTS_DIR)/Auto Layout.app/Auto Layout";
			};
			name = Debug;
		};
		8ED8E0E91A959CCD0001FD82 /* Release */ = {
			isa = XCBuildConfiguration;
			buildSettings = {
				BUNDLE_LOADER = "$(TEST_HOST)";
				FRAMEWORK_SEARCH_PATHS = (
					"$(SDKROOT)/Developer/Library/Frameworks",
					"$(inherited)",
				);
				INFOPLIST_FILE = "Auto LayoutTests/Info.plist";
				LD_RUNPATH_SEARCH_PATHS = "$(inherited) @executable_path/Frameworks @loader_path/Frameworks";
				PRODUCT_NAME = "$(TARGET_NAME)";
				TEST_HOST = "$(BUILT_PRODUCTS_DIR)/Auto Layout.app/Auto Layout";
			};
			name = Release;
		};
/* End XCBuildConfiguration section */

/* Begin XCConfigurationList section */
		8ED8E0C01A959CCD0001FD82 /* Build configuration list for PBXProject "Auto Layout" */ = {
			isa = XCConfigurationList;
			buildConfigurations = (
				8ED8E0E21A959CCD0001FD82 /* Debug */,
				8ED8E0E31A959CCD0001FD82 /* Release */,
			);
			defaultConfigurationIsVisible = 0;
			defaultConfigurationName = Release;
		};
		8ED8E0E41A959CCD0001FD82 /* Build configuration list for PBXNativeTarget "Auto Layout" */ = {
			isa = XCConfigurationList;
			buildConfigurations = (
				8ED8E0E51A959CCD0001FD82 /* Debug */,
				8ED8E0E61A959CCD0001FD82 /* Release */,
			);
			defaultConfigurationIsVisible = 0;
		};
		8ED8E0E71A959CCD0001FD82 /* Build configuration list for PBXNativeTarget "Auto LayoutTests" */ = {
			isa = XCConfigurationList;
			buildConfigurations = (
				8ED8E0E81A959CCD0001FD82 /* Debug */,
				8ED8E0E91A959CCD0001FD82 /* Release */,
			);
			defaultConfigurationIsVisible = 0;
		};
/* End XCConfigurationList section */
	};
	rootObject = 8ED8E0BD1A959CCD0001FD82 /* Project object */;
}
