// !$*UTF8*$!
{
	archiveVersion = 1;
	classes = {
	};
	objectVersion = 46;
	objects = {

/* Begin PBXBuildFile section */
		251C37EE1AAD2A2700A0F53A /* AppDelegate.swift in Sources */ = {isa = PBXBuildFile; fileRef = 251C37ED1AAD2A2700A0F53A /* AppDelegate.swift */; };
		251C37F01AAD2A2700A0F53A /* ViewController.swift in Sources */ = {isa = PBXBuildFile; fileRef = 251C37EF1AAD2A2700A0F53A /* ViewController.swift */; };
		251C37F31AAD2A2700A0F53A /* Main.storyboard in Resources */ = {isa = PBXBuildFile; fileRef = 251C37F11AAD2A2700A0F53A /* Main.storyboard */; };
		251C37F51AAD2A2700A0F53A /* Images.xcassets in Resources */ = {isa = PBXBuildFile; fileRef = 251C37F41AAD2A2700A0F53A /* Images.xcassets */; };
		251C37F81AAD2A2700A0F53A /* LaunchScreen.xib in Resources */ = {isa = PBXBuildFile; fileRef = 251C37F61AAD2A2700A0F53A /* LaunchScreen.xib */; };
		251C38041AAD2A2700A0F53A /* PlayGroundsTests.swift in Sources */ = {isa = PBXBuildFile; fileRef = 251C38031AAD2A2700A0F53A /* PlayGroundsTests.swift */; };
/* End PBXBuildFile section */

/* Begin PBXContainerItemProxy section */
		251C37FE1AAD2A2700A0F53A /* PBXContainerItemProxy */ = {
			isa = PBXContainerItemProxy;
			containerPortal = 251C37E01AAD2A2700A0F53A /* Project object */;
			proxyType = 1;
			remoteGlobalIDString = 251C37E71AAD2A2700A0F53A;
			remoteInfo = PlayGrounds;
		};
/* End PBXContainerItemProxy section */

/* Begin PBXFileReference section */
		251C37E81AAD2A2700A0F53A /* PlayGrounds.app */ = {isa = PBXFileReference; explicitFileType = wrapper.application; includeInIndex = 0; path = PlayGrounds.app; sourceTree = BUILT_PRODUCTS_DIR; };
		251C37EC1AAD2A2700A0F53A /* Info.plist */ = {isa = PBXFileReference; lastKnownFileType = text.plist.xml; path = Info.plist; sourceTree = "<group>"; };
		251C37ED1AAD2A2700A0F53A /* AppDelegate.swift */ = {isa = PBXFileReference; lastKnownFileType = sourcecode.swift; path = AppDelegate.swift; sourceTree = "<group>"; };
		251C37EF1AAD2A2700A0F53A /* ViewController.swift */ = {isa = PBXFileReference; lastKnownFileType = sourcecode.swift; path = ViewController.swift; sourceTree = "<group>"; };
		251C37F21AAD2A2700A0F53A /* Base */ = {isa = PBXFileReference; lastKnownFileType = file.storyboard; name = Base; path = Base.lproj/Main.storyboard; sourceTree = "<group>"; };
		251C37F41AAD2A2700A0F53A /* Images.xcassets */ = {isa = PBXFileReference; lastKnownFileType = folder.assetcatalog; path = Images.xcassets; sourceTree = "<group>"; };
		251C37F71AAD2A2700A0F53A /* Base */ = {isa = PBXFileReference; lastKnownFileType = file.xib; name = Base; path = Base.lproj/LaunchScreen.xib; sourceTree = "<group>"; };
		251C37FD1AAD2A2700A0F53A /* PlayGroundsTests.xctest */ = {isa = PBXFileReference; explicitFileType = wrapper.cfbundle; includeInIndex = 0; path = PlayGroundsTests.xctest; sourceTree = BUILT_PRODUCTS_DIR; };
		251C38021AAD2A2700A0F53A /* Info.plist */ = {isa = PBXFileReference; lastKnownFileType = text.plist.xml; path = Info.plist; sourceTree = "<group>"; };
		251C38031AAD2A2700A0F53A /* PlayGroundsTests.swift */ = {isa = PBXFileReference; lastKnownFileType = sourcecode.swift; path = PlayGroundsTests.swift; sourceTree = "<group>"; };
/* End PBXFileReference section */

/* Begin PBXFrameworksBuildPhase section */
		251C37E51AAD2A2700A0F53A /* Frameworks */ = {
			isa = PBXFrameworksBuildPhase;
			buildActionMask = 2147483647;
			files = (
			);
			runOnlyForDeploymentPostprocessing = 0;
		};
		251C37FA1AAD2A2700A0F53A /* Frameworks */ = {
			isa = PBXFrameworksBuildPhase;
			buildActionMask = 2147483647;
			files = (
			);
			runOnlyForDeploymentPostprocessing = 0;
		};
/* End PBXFrameworksBuildPhase section */

/* Begin PBXGroup section */
		251C37DF1AAD2A2700A0F53A = {
			isa = PBXGroup;
			children = (
				251C37EA1AAD2A2700A0F53A /* PlayGrounds */,
				251C38001AAD2A2700A0F53A /* PlayGroundsTests */,
				251C37E91AAD2A2700A0F53A /* Products */,
			);
			sourceTree = "<group>";
		};
		251C37E91AAD2A2700A0F53A /* Products */ = {
			isa = PBXGroup;
			children = (
				251C37E81AAD2A2700A0F53A /* PlayGrounds.app */,
				251C37FD1AAD2A2700A0F53A /* PlayGroundsTests.xctest */,
			);
			name = Products;
			sourceTree = "<group>";
		};
		251C37EA1AAD2A2700A0F53A /* PlayGrounds */ = {
			isa = PBXGroup;
			children = (
				251C37ED1AAD2A2700A0F53A /* AppDelegate.swift */,
				251C37EF1AAD2A2700A0F53A /* ViewController.swift */,
				251C37F11AAD2A2700A0F53A /* Main.storyboard */,
				251C37F41AAD2A2700A0F53A /* Images.xcassets */,
				251C37F61AAD2A2700A0F53A /* LaunchScreen.xib */,
				251C37EB1AAD2A2700A0F53A /* Supporting Files */,
			);
			path = PlayGrounds;
			sourceTree = "<group>";
		};
		251C37EB1AAD2A2700A0F53A /* Supporting Files */ = {
			isa = PBXGroup;
			children = (
				251C37EC1AAD2A2700A0F53A /* Info.plist */,
			);
			name = "Supporting Files";
			sourceTree = "<group>";
		};
		251C38001AAD2A2700A0F53A /* PlayGroundsTests */ = {
			isa = PBXGroup;
			children = (
				251C38031AAD2A2700A0F53A /* PlayGroundsTests.swift */,
				251C38011AAD2A2700A0F53A /* Supporting Files */,
			);
			path = PlayGroundsTests;
			sourceTree = "<group>";
		};
		251C38011AAD2A2700A0F53A /* Supporting Files */ = {
			isa = PBXGroup;
			children = (
				251C38021AAD2A2700A0F53A /* Info.plist */,
			);
			name = "Supporting Files";
			sourceTree = "<group>";
		};
/* End PBXGroup section */

/* Begin PBXNativeTarget section */
		251C37E71AAD2A2700A0F53A /* PlayGrounds */ = {
			isa = PBXNativeTarget;
			buildConfigurationList = 251C38071AAD2A2700A0F53A /* Build configuration list for PBXNativeTarget "PlayGrounds" */;
			buildPhases = (
				251C37E41AAD2A2700A0F53A /* Sources */,
				251C37E51AAD2A2700A0F53A /* Frameworks */,
				251C37E61AAD2A2700A0F53A /* Resources */,
			);
			buildRules = (
			);
			dependencies = (
			);
			name = PlayGrounds;
			productName = PlayGrounds;
			productReference = 251C37E81AAD2A2700A0F53A /* PlayGrounds.app */;
			productType = "com.apple.product-type.application";
		};
		251C37FC1AAD2A2700A0F53A /* PlayGroundsTests */ = {
			isa = PBXNativeTarget;
			buildConfigurationList = 251C380A1AAD2A2700A0F53A /* Build configuration list for PBXNativeTarget "PlayGroundsTests" */;
			buildPhases = (
				251C37F91AAD2A2700A0F53A /* Sources */,
				251C37FA1AAD2A2700A0F53A /* Frameworks */,
				251C37FB1AAD2A2700A0F53A /* Resources */,
			);
			buildRules = (
			);
			dependencies = (
				251C37FF1AAD2A2700A0F53A /* PBXTargetDependency */,
			);
			name = PlayGroundsTests;
			productName = PlayGroundsTests;
			productReference = 251C37FD1AAD2A2700A0F53A /* PlayGroundsTests.xctest */;
			productType = "com.apple.product-type.bundle.unit-test";
		};
/* End PBXNativeTarget section */

/* Begin PBXProject section */
		251C37E01AAD2A2700A0F53A /* Project object */ = {
			isa = PBXProject;
			attributes = {
				LastUpgradeCheck = 0610;
				ORGANIZATIONNAME = joanrm20;
				TargetAttributes = {
					251C37E71AAD2A2700A0F53A = {
						CreatedOnToolsVersion = 6.1.1;
					};
					251C37FC1AAD2A2700A0F53A = {
						CreatedOnToolsVersion = 6.1.1;
						TestTargetID = 251C37E71AAD2A2700A0F53A;
					};
				};
			};
			buildConfigurationList = 251C37E31AAD2A2700A0F53A /* Build configuration list for PBXProject "PlayGrounds" */;
			compatibilityVersion = "Xcode 3.2";
			developmentRegion = English;
			hasScannedForEncodings = 0;
			knownRegions = (
				en,
				Base,
			);
			mainGroup = 251C37DF1AAD2A2700A0F53A;
			productRefGroup = 251C37E91AAD2A2700A0F53A /* Products */;
			projectDirPath = "";
			projectRoot = "";
			targets = (
				251C37E71AAD2A2700A0F53A /* PlayGrounds */,
				251C37FC1AAD2A2700A0F53A /* PlayGroundsTests */,
			);
		};
/* End PBXProject section */

/* Begin PBXResourcesBuildPhase section */
		251C37E61AAD2A2700A0F53A /* Resources */ = {
			isa = PBXResourcesBuildPhase;
			buildActionMask = 2147483647;
			files = (
				251C37F31AAD2A2700A0F53A /* Main.storyboard in Resources */,
				251C37F81AAD2A2700A0F53A /* LaunchScreen.xib in Resources */,
				251C37F51AAD2A2700A0F53A /* Images.xcassets in Resources */,
			);
			runOnlyForDeploymentPostprocessing = 0;
		};
		251C37FB1AAD2A2700A0F53A /* Resources */ = {
			isa = PBXResourcesBuildPhase;
			buildActionMask = 2147483647;
			files = (
			);
			runOnlyForDeploymentPostprocessing = 0;
		};
/* End PBXResourcesBuildPhase section */

/* Begin PBXSourcesBuildPhase section */
		251C37E41AAD2A2700A0F53A /* Sources */ = {
			isa = PBXSourcesBuildPhase;
			buildActionMask = 2147483647;
			files = (
				251C37F01AAD2A2700A0F53A /* ViewController.swift in Sources */,
				251C37EE1AAD2A2700A0F53A /* AppDelegate.swift in Sources */,
			);
			runOnlyForDeploymentPostprocessing = 0;
		};
		251C37F91AAD2A2700A0F53A /* Sources */ = {
			isa = PBXSourcesBuildPhase;
			buildActionMask = 2147483647;
			files = (
				251C38041AAD2A2700A0F53A /* PlayGroundsTests.swift in Sources */,
			);
			runOnlyForDeploymentPostprocessing = 0;
		};
/* End PBXSourcesBuildPhase section */

/* Begin PBXTargetDependency section */
		251C37FF1AAD2A2700A0F53A /* PBXTargetDependency */ = {
			isa = PBXTargetDependency;
			target = 251C37E71AAD2A2700A0F53A /* PlayGrounds */;
			targetProxy = 251C37FE1AAD2A2700A0F53A /* PBXContainerItemProxy */;
		};
/* End PBXTargetDependency section */

/* Begin PBXVariantGroup section */
		251C37F11AAD2A2700A0F53A /* Main.storyboard */ = {
			isa = PBXVariantGroup;
			children = (
				251C37F21AAD2A2700A0F53A /* Base */,
			);
			name = Main.storyboard;
			sourceTree = "<group>";
		};
		251C37F61AAD2A2700A0F53A /* LaunchScreen.xib */ = {
			isa = PBXVariantGroup;
			children = (
				251C37F71AAD2A2700A0F53A /* Base */,
			);
			name = LaunchScreen.xib;
			sourceTree = "<group>";
		};
/* End PBXVariantGroup section */

/* Begin XCBuildConfiguration section */
		251C38051AAD2A2700A0F53A /* Debug */ = {
			isa = XCBuildConfiguration;
			buildSettings = {
				ALWAYS_SEARCH_USER_PATHS = NO;
				CLANG_CXX_LANGUAGE_STANDARD = "gnu++0x";
				CLANG_CXX_LIBRARY = "libc++";
				CLANG_ENABLE_MODULES = YES;
				CLANG_ENABLE_OBJC_ARC = YES;
				CLANG_WARN_BOOL_CONVERSION = YES;
				CLANG_WARN_CONSTANT_CONVERSION = YES;
				CLANG_WARN_DIRECT_OBJC_ISA_USAGE = YES_ERROR;
				CLANG_WARN_EMPTY_BODY = YES;
				CLANG_WARN_ENUM_CONVERSION = YES;
				CLANG_WARN_INT_CONVERSION = YES;
				CLANG_WARN_OBJC_ROOT_CLASS = YES_ERROR;
				CLANG_WARN_UNREACHABLE_CODE = YES;
				CLANG_WARN__DUPLICATE_METHOD_MATCH = YES;
				"CODE_SIGN_IDENTITY[sdk=iphoneos*]" = "iPhone Developer";
				COPY_PHASE_STRIP = NO;
				ENABLE_STRICT_OBJC_MSGSEND = YES;
				GCC_C_LANGUAGE_STANDARD = gnu99;
				GCC_DYNAMIC_NO_PIC = NO;
				GCC_OPTIMIZATION_LEVEL = 0;
				GCC_PREPROCESSOR_DEFINITIONS = (
					"DEBUG=1",
					"$(inherited)",
				);
				GCC_SYMBOLS_PRIVATE_EXTERN = NO;
				GCC_WARN_64_TO_32_BIT_CONVERSION = YES;
				GCC_WARN_ABOUT_RETURN_TYPE = YES_ERROR;
				GCC_WARN_UNDECLARED_SELECTOR = YES;
				GCC_WARN_UNINITIALIZED_AUTOS = YES_AGGRESSIVE;
				GCC_WARN_UNUSED_FUNCTION = YES;
				GCC_WARN_UNUSED_VARIABLE = YES;
				IPHONEOS_DEPLOYMENT_TARGET = 8.1;
				MTL_ENABLE_DEBUG_INFO = YES;
				ONLY_ACTIVE_ARCH = YES;
				SDKROOT = iphoneos;
				SWIFT_OPTIMIZATION_LEVEL = "-Onone";
				TARGETED_DEVICE_FAMILY = "1,2";
			};
			name = Debug;
		};
		251C38061AAD2A2700A0F53A /* Release */ = {
			isa = XCBuildConfiguration;
			buildSettings = {
				ALWAYS_SEARCH_USER_PATHS = NO;
				CLANG_CXX_LANGUAGE_STANDARD = "gnu++0x";
				CLANG_CXX_LIBRARY = "libc++";
				CLANG_ENABLE_MODULES = YES;
				CLANG_ENABLE_OBJC_ARC = YES;
				CLANG_WARN_BOOL_CONVERSION = YES;
				CLANG_WARN_CONSTANT_CONVERSION = YES;
				CLANG_WARN_DIRECT_OBJC_ISA_USAGE = YES_ERROR;
				CLANG_WARN_EMPTY_BODY = YES;
				CLANG_WARN_ENUM_CONVERSION = YES;
				CLANG_WARN_INT_CONVERSION = YES;
				CLANG_WARN_OBJC_ROOT_CLASS = YES_ERROR;
				CLANG_WARN_UNREACHABLE_CODE = YES;
				CLANG_WARN__DUPLICATE_METHOD_MATCH = YES;
				"CODE_SIGN_IDENTITY[sdk=iphoneos*]" = "iPhone Developer";
				COPY_PHASE_STRIP = YES;
				ENABLE_NS_ASSERTIONS = NO;
				ENABLE_STRICT_OBJC_MSGSEND = YES;
				GCC_C_LANGUAGE_STANDARD = gnu99;
				GCC_WARN_64_TO_32_BIT_CONVERSION = YES;
				GCC_WARN_ABOUT_RETURN_TYPE = YES_ERROR;
				GCC_WARN_UNDECLARED_SELECTOR = YES;
				GCC_WARN_UNINITIALIZED_AUTOS = YES_AGGRESSIVE;
				GCC_WARN_UNUSED_FUNCTION = YES;
				GCC_WARN_UNUSED_VARIABLE = YES;
				IPHONEOS_DEPLOYMENT_TARGET = 8.1;
				MTL_ENABLE_DEBUG_INFO = NO;
				SDKROOT = iphoneos;
				TARGETED_DEVICE_FAMILY = "1,2";
				VALIDATE_PRODUCT = YES;
			};
			name = Release;
		};
		251C38081AAD2A2700A0F53A /* Debug */ = {
			isa = XCBuildConfiguration;
			buildSettings = {
				ASSETCATALOG_COMPILER_APPICON_NAME = AppIcon;
				INFOPLIST_FILE = PlayGrounds/Info.plist;
				LD_RUNPATH_SEARCH_PATHS = "$(inherited) @executable_path/Frameworks";
				PRODUCT_NAME = "$(TARGET_NAME)";
			};
			name = Debug;
		};
		251C38091AAD2A2700A0F53A /* Release */ = {
			isa = XCBuildConfiguration;
			buildSettings = {
				ASSETCATALOG_COMPILER_APPICON_NAME = AppIcon;
				INFOPLIST_FILE = PlayGrounds/Info.plist;
				LD_RUNPATH_SEARCH_PATHS = "$(inherited) @executable_path/Frameworks";
				PRODUCT_NAME = "$(TARGET_NAME)";
			};
			name = Release;
		};
		251C380B1AAD2A2700A0F53A /* Debug */ = {
			isa = XCBuildConfiguration;
			buildSettings = {
				BUNDLE_LOADER = "$(TEST_HOST)";
				FRAMEWORK_SEARCH_PATHS = (
					"$(SDKROOT)/Developer/Library/Frameworks",
					"$(inherited)",
				);
				GCC_PREPROCESSOR_DEFINITIONS = (
					"DEBUG=1",
					"$(inherited)",
				);
				INFOPLIST_FILE = PlayGroundsTests/Info.plist;
				LD_RUNPATH_SEARCH_PATHS = "$(inherited) @executable_path/Frameworks @loader_path/Frameworks";
				PRODUCT_NAME = "$(TARGET_NAME)";
				TEST_HOST = "$(BUILT_PRODUCTS_DIR)/PlayGrounds.app/PlayGrounds";
			};
			name = Debug;
		};
		251C380C1AAD2A2700A0F53A /* Release */ = {
			isa = XCBuildConfiguration;
			buildSettings = {
				BUNDLE_LOADER = "$(TEST_HOST)";
				FRAMEWORK_SEARCH_PATHS = (
					"$(SDKROOT)/Developer/Library/Frameworks",
					"$(inherited)",
				);
				INFOPLIST_FILE = PlayGroundsTests/Info.plist;
				LD_RUNPATH_SEARCH_PATHS = "$(inherited) @executable_path/Frameworks @loader_path/Frameworks";
				PRODUCT_NAME = "$(TARGET_NAME)";
				TEST_HOST = "$(BUILT_PRODUCTS_DIR)/PlayGrounds.app/PlayGrounds";
			};
			name = Release;
		};
/* End XCBuildConfiguration section */

/* Begin XCConfigurationList section */
		251C37E31AAD2A2700A0F53A /* Build configuration list for PBXProject "PlayGrounds" */ = {
			isa = XCConfigurationList;
			buildConfigurations = (
				251C38051AAD2A2700A0F53A /* Debug */,
				251C38061AAD2A2700A0F53A /* Release */,
			);
			defaultConfigurationIsVisible = 0;
			defaultConfigurationName = Release;
		};
		251C38071AAD2A2700A0F53A /* Build configuration list for PBXNativeTarget "PlayGrounds" */ = {
			isa = XCConfigurationList;
			buildConfigurations = (
				251C38081AAD2A2700A0F53A /* Debug */,
				251C38091AAD2A2700A0F53A /* Release */,
			);
			defaultConfigurationIsVisible = 0;
		};
		251C380A1AAD2A2700A0F53A /* Build configuration list for PBXNativeTarget "PlayGroundsTests" */ = {
			isa = XCConfigurationList;
			buildConfigurations = (
				251C380B1AAD2A2700A0F53A /* Debug */,
				251C380C1AAD2A2700A0F53A /* Release */,
			);
			defaultConfigurationIsVisible = 0;
		};
/* End XCConfigurationList section */
	};
	rootObject = 251C37E01AAD2A2700A0F53A /* Project object */;
}
